
Microsoft Visual Studio Solution File, Format Version 12.00
# Visual Studio Version 17
VisualStudioVersion = 17.1.32328.378
MinimumVisualStudioVersion = 10.0.40219.1
Project("{FAE04EC0-301F-11D3-BF4B-00C04F79EFBC}") = "Zdk1", "Zdk1\Zdk1.csproj", "{16B6D541-B98A-4C0D-944F-1049883C3BEB}"
EndProject
Project("{FAE04EC0-301F-11D3-BF4B-00C04F79EFBC}") = "Zdk2", "Zdk2\Zdk2.csproj", "{BE0E46F2-2328-4E64-8F5A-420FF85B3035}"
EndProject
Project("{FAE04EC0-301F-11D3-BF4B-00C04F79EFBC}") = "Zdk3", "Zdk3\Zdk3.csproj", "{BBC71767-8F71-4641-B157-116CA98E9839}"
EndProject
Global
	GlobalSection(SolutionConfigurationPlatforms) = preSolution
		Debug|Any CPU = Debug|Any CPU
		Release|Any CPU = Release|Any CPU
	EndGlobalSection
	GlobalSection(ProjectConfigurationPlatforms) = postSolution
		{16B6D541-B98A-4C0D-944F-1049883C3BEB}.Debug|Any CPU.ActiveCfg = Debug|Any CPU
		{16B6D541-B98A-4C0D-944F-1049883C3BEB}.Debug|Any CPU.Build.0 = Debug|Any CPU
		{16B6D541-B98A-4C0D-944F-1049883C3BEB}.Release|Any CPU.ActiveCfg = Release|Any CPU
		{16B6D541-B98A-4C0D-944F-1049883C3BEB}.Release|Any CPU.Build.0 = Release|Any CPU
		{BE0E46F2-2328-4E64-8F5A-420FF85B3035}.Debug|Any CPU.ActiveCfg = Debug|Any CPU
		{BE0E46F2-2328-4E64-8F5A-420FF85B3035}.Debug|Any CPU.Build.0 = Debug|Any CPU
		{BE0E46F2-2328-4E64-8F5A-420FF85B3035}.Release|Any CPU.ActiveCfg = Release|Any CPU
		{BE0E46F2-2328-4E64-8F5A-420FF85B3035}.Release|Any CPU.Build.0 = Release|Any CPU
		{BBC71767-8F71-4641-B157-116CA98E9839}.Debug|Any CPU.ActiveCfg = Debug|Any CPU
		{BBC71767-8F71-4641-B157-116CA98E9839}.Debug|Any CPU.Build.0 = Debug|Any CPU
		{BBC71767-8F71-4641-B157-116CA98E9839}.Release|Any CPU.ActiveCfg = Release|Any CPU
		{BBC71767-8F71-4641-B157-116CA98E9839}.Release|Any CPU.Build.0 = Release|Any CPU
	EndGlobalSection
	GlobalSection(SolutionProperties) = preSolution
		HideSolutionNode = FALSE
	EndGlobalSection
	GlobalSection(ExtensibilityGlobals) = postSolution
		SolutionGuid = {EF0BE4F7-DA6D-4CC4-B0D2-0CC867EA3E8A}
	EndGlobalSection
EndGlobal
