
Microsoft Visual Studio Solution File, Format Version 12.00
# Visual Studio Version 17
VisualStudioVersion = 17.1.32407.343
MinimumVisualStudioVersion = 10.0.40219.1
Project("{9A19103F-16F7-4668-BE54-9A1E7A4F7556}") = "Lab4", "Lab4\Lab4.csproj", "{10640292-42FE-4948-886C-5B9E71CAD7D8}"
EndProject
Project("{9A19103F-16F7-4668-BE54-9A1E7A4F7556}") = "Lab3", "..\Lab3 - Copy\Lab3\Lab3.csproj", "{DF36724F-38D9-4F8F-8A3C-8B7747C9936F}"
EndProject
Global
	GlobalSection(SolutionConfigurationPlatforms) = preSolution
		Debug|Any CPU = Debug|Any CPU
		Release|Any CPU = Release|Any CPU
	EndGlobalSection
	GlobalSection(ProjectConfigurationPlatforms) = postSolution
		{10640292-42FE-4948-886C-5B9E71CAD7D8}.Debug|Any CPU.ActiveCfg = Debug|Any CPU
		{10640292-42FE-4948-886C-5B9E71CAD7D8}.Debug|Any CPU.Build.0 = Debug|Any CPU
		{10640292-42FE-4948-886C-5B9E71CAD7D8}.Release|Any CPU.ActiveCfg = Release|Any CPU
		{10640292-42FE-4948-886C-5B9E71CAD7D8}.Release|Any CPU.Build.0 = Release|Any CPU
		{DF36724F-38D9-4F8F-8A3C-8B7747C9936F}.Debug|Any CPU.ActiveCfg = Debug|Any CPU
		{DF36724F-38D9-4F8F-8A3C-8B7747C9936F}.Debug|Any CPU.Build.0 = Debug|Any CPU
		{DF36724F-38D9-4F8F-8A3C-8B7747C9936F}.Release|Any CPU.ActiveCfg = Release|Any CPU
		{DF36724F-38D9-4F8F-8A3C-8B7747C9936F}.Release|Any CPU.Build.0 = Release|Any CPU
	EndGlobalSection
	GlobalSection(SolutionProperties) = preSolution
		HideSolutionNode = FALSE
	EndGlobalSection
	GlobalSection(ExtensibilityGlobals) = postSolution
		SolutionGuid = {8841D751-2808-41B3-835B-32503CB09FBA}
	EndGlobalSection
EndGlobal
