
Microsoft Visual Studio Solution File, Format Version 12.00
# Visual Studio Version 17
VisualStudioVersion = 17.2.32519.379
MinimumVisualStudioVersion = 10.0.40219.1
Project("{9A19103F-16F7-4668-BE54-9A1E7A4F7556}") = "lab6", "lab6\lab6.csproj", "{F44ED2CD-F007-413E-A873-9AA632D4A3DB}"
EndProject
Project("{9A19103F-16F7-4668-BE54-9A1E7A4F7556}") = "Lab5_1", "Lab5_1\Lab5_1\Lab5_1.csproj", "{5774A11F-2AB4-49EF-BFB3-4C8FEF0477BC}"
EndProject
Global
	GlobalSection(SolutionConfigurationPlatforms) = preSolution
		Debug|Any CPU = Debug|Any CPU
		Release|Any CPU = Release|Any CPU
	EndGlobalSection
	GlobalSection(ProjectConfigurationPlatforms) = postSolution
		{F44ED2CD-F007-413E-A873-9AA632D4A3DB}.Debug|Any CPU.ActiveCfg = Debug|Any CPU
		{F44ED2CD-F007-413E-A873-9AA632D4A3DB}.Debug|Any CPU.Build.0 = Debug|Any CPU
		{F44ED2CD-F007-413E-A873-9AA632D4A3DB}.Release|Any CPU.ActiveCfg = Release|Any CPU
		{F44ED2CD-F007-413E-A873-9AA632D4A3DB}.Release|Any CPU.Build.0 = Release|Any CPU
		{5774A11F-2AB4-49EF-BFB3-4C8FEF0477BC}.Debug|Any CPU.ActiveCfg = Debug|Any CPU
		{5774A11F-2AB4-49EF-BFB3-4C8FEF0477BC}.Debug|Any CPU.Build.0 = Debug|Any CPU
		{5774A11F-2AB4-49EF-BFB3-4C8FEF0477BC}.Release|Any CPU.ActiveCfg = Release|Any CPU
		{5774A11F-2AB4-49EF-BFB3-4C8FEF0477BC}.Release|Any CPU.Build.0 = Release|Any CPU
	EndGlobalSection
	GlobalSection(SolutionProperties) = preSolution
		HideSolutionNode = FALSE
	EndGlobalSection
	GlobalSection(ExtensibilityGlobals) = postSolution
		SolutionGuid = {45A803ED-C781-4A94-B611-11C9E7F06B7D}
	EndGlobalSection
EndGlobal
